# THIS IS AN AUTOGENERATED FILE. DO NOT EDIT THIS FILE DIRECTLY.
# yarn lockfile v1


"@lukeed/csprng@^1.0.0":
  version "1.1.0"
  resolved "https://registry.yarnpkg.com/@lukeed/csprng/-/csprng-1.1.0.tgz#1e3e4bd05c1cc7a0b2ddbd8a03f39f6e4b5e6cfe"
  integrity sha512-Z7C/xXCiGWsg0KuKsHTKJxbWhpI3Vs5GwLfOean7MGyVFGqdRgBbAjOCh6u4bbjPc/8MJ2pZmK/0DLdCbivLDA==

"@nestjs/common@^11.1.1":
  version "11.1.1"
  resolved "https://registry.yarnpkg.com/@nestjs/common/-/common-11.1.1.tgz#421eddea4385b06eba120722bd614fa03dbc8172"
  integrity sha512-crzp+1qeZ5EGL0nFTPy9NrVMAaUWewV5AwtQyv6SQ9yQPXwRl9W9hm1pt0nAtUu5QbYMbSuo7lYcF81EjM+nCA==
  dependencies:
    uid "2.0.2"
    file-type "20.5.0"
    iterare "1.2.1"
    load-esm "1.0.2"
    tslib "2.8.1"

"@nestjs/mapped-types@^2.1.0":
  version "2.1.0"
  resolved "https://registry.yarnpkg.com/@nestjs/mapped-types/-/mapped-types-2.1.0.tgz#b9b536b7c3571567aa1d0223db8baa1a51505a19"
  integrity sha512-W+n+rM69XsFdwORF11UqJahn4J3xi4g/ZEOlJNL6KoW5ygWSmBB2p0S2BZ4FQeS/NDH72e6xIcu35SfJnE8bXw==

"@nestjs/microservices@^11.1.1":
  version "11.1.1"
  resolved "https://registry.yarnpkg.com/@nestjs/microservices/-/microservices-11.1.1.tgz#2775958424ddd77e96ed558a0dfb0792a41f2934"
  integrity sha512-hmMVd/VmP/5GHsAHPF8NJArDjRRsSCBR6DnpvX6LbNykZoPWh5I2TxFAqTcJeZqZU/MtVgMb9uxljnzTM3/SKw==
  dependencies:
    iterare "1.2.1"
    tslib "2.8.1"

"@prisma/client@^6.8.2":
  version "6.8.2"
  resolved "https://registry.yarnpkg.com/@prisma/client/-/client-6.8.2.tgz#f0af46643604cd38341f285483edc3c3ae7e6651"
  integrity sha512-5II+vbyzv4si6Yunwgkj0qT/iY0zyspttoDrL3R4BYgLdp42/d2C8xdi9vqkrYtKt9H32oFIukvyw3Koz5JoDg==

"@tokenizer/inflate@^0.2.6":
  version "0.2.7"
  resolved "https://registry.yarnpkg.com/@tokenizer/inflate/-/inflate-0.2.7.tgz#32dd9dfc9abe457c89b3d9b760fc0690c85a103b"
  integrity sha512-MADQgmZT1eKjp06jpI2yozxaU9uVs4GzzgSL+uEq7bVcJ9V1ZXQkeGNql1fsSI0gMy1vhvNTNbUqrx+pZfJVmg==
  dependencies:
    debug "^4.4.0"
    fflate "^0.8.2"
    token-types "^6.0.0"

"@tokenizer/token@^0.3.0":
  version "0.3.0"
  resolved "https://registry.yarnpkg.com/@tokenizer/token/-/token-0.3.0.tgz#fe98a93fe789247e998c75e74e9c7c63217aa276"
  integrity sha512-OvjF+z51L3ov0OyAU0duzsYuvO01PH7x4t6DJx+guahgTnBHkhJdG7soQeTSFLWN3efnHyibZ4Z8l2EuWwJN3A==

"@types/validator@^13.11.8":
  version "13.15.1"
  resolved "https://registry.yarnpkg.com/@types/validator/-/validator-13.15.1.tgz#52f3617eb5ba30dd0018380c64568440d0b4de0a"
  integrity sha512-9gG6ogYcoI2mCMLdcO0NYI0AYrbxIjv0MDmy/5Ywo6CpWWrqYayc+mmgxRsCgtcGJm9BSbXkMsmxGah1iGHAAQ==

class-transformer@^0.5.1:
  version "0.5.1"
  resolved "https://registry.yarnpkg.com/class-transformer/-/class-transformer-0.5.1.tgz#24147d5dffd2a6cea930a3250a677addf96ab336"
  integrity sha512-SQa1Ws6hUbfC98vKGxZH3KFY0Y1lm5Zm0SY8XX9zbK7FJCyVEac3ATW0RIpwzW+oOfmHE5PMPufDG9hCfoEOMw==

class-validator@^0.14.2:
  version "0.14.2"
  resolved "https://registry.yarnpkg.com/class-validator/-/class-validator-0.14.2.tgz#a3de95edd26b703e89c151a2023d3c115030340d"
  integrity sha512-3kMVRF2io8N8pY1IFIXlho9r8IPUUIfHe2hYVtiebvAzU2XeQFXTv+XI4WX+TnXmtwXMDcjngcpkiPM0O9PvLw==
  dependencies:
    "@types/validator" "^13.11.8"
    libphonenumber-js "^1.11.1"
    validator "^13.9.0"

debug@^4.4.0:
  version "4.4.1"
  resolved "https://registry.yarnpkg.com/debug/-/debug-4.4.1.tgz#e5a8bc6cbc4c6cd3e64308b0693a3d4fa550189b"
  integrity sha512-KcKCqiftBJcZr++7ykoDIEwSa3XWowTfNPo92BYxjXiyYEVrUQh2aLyhxBCwww+heortUFxEJYcRzosstTEBYQ==
  dependencies:
    ms "^2.1.3"

fflate@^0.8.2:
  version "0.8.2"
  resolved "https://registry.yarnpkg.com/fflate/-/fflate-0.8.2.tgz#fc8631f5347812ad6028bbe4a2308b2792aa1dea"
  integrity sha512-cPJU47OaAoCbg0pBvzsgpTPhmhqI5eJjh/JIu8tPj5q+T7iLvW/JAYUqmE7KOB4R1ZyEhzBaIQpQpardBF5z8A==

file-type@20.5.0:
  version "20.5.0"
  resolved "https://registry.yarnpkg.com/file-type/-/file-type-20.5.0.tgz#616e90564e6ffabab22ad9763e28efcc5c95aee0"
  integrity sha512-BfHZtG/l9iMm4Ecianu7P8HRD2tBHLtjXinm4X62XBOYzi7CYA7jyqfJzOvXHqzVrVPYqBo2/GvbARMaaJkKVg==
  dependencies:
    "@tokenizer/inflate" "^0.2.6"
    strtok3 "^10.2.0"
    token-types "^6.0.0"
    uint8array-extras "^1.4.0"

ieee754@^1.2.1:
  version "1.2.1"
  resolved "https://registry.yarnpkg.com/ieee754/-/ieee754-1.2.1.tgz#8eb7a10a63fff25d15a57b001586d177d1b0d352"
  integrity sha512-dcyqhDvX1C46lXZcVqCpK+FtMRQVdIMN6/Df5js2zouUsqG7I6sFxitIC+7KYK29KdXOLHdu9zL4sFnoVQnqaA==

iterare@1.2.1:
  version "1.2.1"
  resolved "https://registry.yarnpkg.com/iterare/-/iterare-1.2.1.tgz#139c400ff7363690e33abffa33cbba8920f00042"
  integrity sha512-RKYVTCjAnRthyJes037NX/IiqeidgN1xc3j1RjFfECFp28A1GVwK9nA+i0rJPaHqSZwygLzRnFlzUuHFoWWy+Q==

libphonenumber-js@^1.11.1:
  version "1.12.8"
  resolved "https://registry.yarnpkg.com/libphonenumber-js/-/libphonenumber-js-1.12.8.tgz#20e5b57f24e60359d795e2fa2ee185776331e34f"
  integrity sha512-f1KakiQJa9tdc7w1phC2ST+DyxWimy9c3g3yeF+84QtEanJr2K77wAmBPP22riU05xldniHsvXuflnLZ4oysqA==

load-esm@1.0.2:
  version "1.0.2"
  resolved "https://registry.yarnpkg.com/load-esm/-/load-esm-1.0.2.tgz#35dbac8a1a3abdb802cf236008048fcc8a9289a6"
  integrity sha512-nVAvWk/jeyrWyXEAs84mpQCYccxRqgKY4OznLuJhJCa0XsPSfdOIr2zvBZEj3IHEHbX97jjscKRRV539bW0Gpw==

ms@^2.1.3:
  version "2.1.3"
  resolved "https://registry.yarnpkg.com/ms/-/ms-2.1.3.tgz#574c8138ce1d2b5861f0b44579dbadd60c6615b2"
  integrity sha512-6FlzubTLZG3J2a/NVCAleEhjzq5oxgHyaCU9yYXvcLsvoVaHJq/s5xXI6/XXP6tz7R9xAOtHnSO/tXtF3WRTlA==

peek-readable@^7.0.0:
  version "7.0.0"
  resolved "https://registry.yarnpkg.com/peek-readable/-/peek-readable-7.0.0.tgz#c6e4e78ec76f7005e5f6b51ffc93fdb91ede6512"
  integrity sha512-nri2TO5JE3/mRryik9LlHFT53cgHfRK0Lt0BAZQXku/AW3E6XLt2GaY8siWi7dvW/m1z0ecn+J+bpDa9ZN3IsQ==

strtok3@^10.2.0:
  version "10.2.2"
  resolved "https://registry.yarnpkg.com/strtok3/-/strtok3-10.2.2.tgz#a4c6d78d15db02c5eb20d92af3eedf81edaf09d2"
  integrity sha512-Xt18+h4s7Z8xyZ0tmBoRmzxcop97R4BAh+dXouUDCYn+Em+1P3qpkUfI5ueWLT8ynC5hZ+q4iPEmGG1urvQGBg==
  dependencies:
    "@tokenizer/token" "^0.3.0"
    peek-readable "^7.0.0"

token-types@^6.0.0:
  version "6.0.0"
  resolved "https://registry.yarnpkg.com/token-types/-/token-types-6.0.0.tgz#1ab26be1ef9c434853500c071acfe5c8dd6544a3"
  integrity sha512-lbDrTLVsHhOMljPscd0yitpozq7Ga2M5Cvez5AjGg8GASBjtt6iERCAJ93yommPmz62fb45oFIXHEZ3u9bfJEA==
  dependencies:
    "@tokenizer/token" "^0.3.0"
    ieee754 "^1.2.1"

tslib@2.8.1:
  version "2.8.1"
  resolved "https://registry.yarnpkg.com/tslib/-/tslib-2.8.1.tgz#612efe4ed235d567e8aba5f2a5fab70280ade83f"
  integrity sha512-oJFu94HQb+KVduSUQL7wnpmqnfmLsOA/nAh6b6EH0wCEoK0/mPeXU6c3wKDV83MkOuHPRHtSXKKU99IBazS/2w==

typescript@^5.8.3:
  version "5.8.3"
  resolved "https://registry.yarnpkg.com/typescript/-/typescript-5.8.3.tgz#92f8a3e5e3cf497356f4178c34cd65a7f5e8440e"
  integrity sha512-p1diW6TqL9L07nNxvRMM7hMMw4c5XOo/1ibL4aAIGmSAt9slTE1Xgw5KWuof2uTOvCg9BY7ZRi+GaF+7sfgPeQ==

uid@2.0.2:
  version "2.0.2"
  resolved "https://registry.yarnpkg.com/uid/-/uid-2.0.2.tgz#4b5782abf0f2feeefc00fa88006b2b3b7af3e3b9"
  integrity sha512-u3xV3X7uzvi5b1MncmZo3i2Aw222Zk1keqLA1YkHldREkAhAqi65wuPfe7lHx8H/Wzy+8CE7S7uS3jekIM5s8g==
  dependencies:
    "@lukeed/csprng" "^1.0.0"

uint8array-extras@^1.4.0:
  version "1.4.0"
  resolved "https://registry.yarnpkg.com/uint8array-extras/-/uint8array-extras-1.4.0.tgz#e42a678a6dd335ec2d21661333ed42f44ae7cc74"
  integrity sha512-ZPtzy0hu4cZjv3z5NW9gfKnNLjoz4y6uv4HlelAjDK7sY/xOkKZv9xK/WQpcsBB3jEybChz9DPC2U/+cusjJVQ==

validator@^13.9.0:
  version "13.15.0"
  resolved "https://registry.yarnpkg.com/validator/-/validator-13.15.0.tgz#2dc7ce057e7513a55585109eec29b2c8e8c1aefd"
  integrity sha512-36B2ryl4+oL5QxZ3AzD0t5SsMNGvTtQHpjgFO5tbNxfXbMFkY822ktCDe1MnlqV3301QQI9SLHDNJokDI+Z9pA==
